schema: '2.0'
stages:
  get_data:
    cmd: python src/get_data.py
    deps:
    - path: src/get_data.py
      hash: md5
      md5: 896aa2bb5e99268e80a14148b321f5c2
      size: 583
    outs:
    - path: data/raw/churn.csv
      hash: md5
      md5: 7f07de26b054de4c36eed95a1277fe21
      size: 978285
  process_data:
    cmd: python src/process_data.py
    deps:
    - path: data/raw/churn.csv
      hash: md5
      md5: 7f07de26b054de4c36eed95a1277fe21
      size: 978285
    - path: src/process_data.py
      hash: md5
      md5: 78455dcc747ef8e267aedbc75e3cc1ce
      size: 793
    outs:
    - path: data/processed/churn_features.parquet
      hash: md5
      md5: 163ddfe37c65cdbb6fe295a099135eec
      size: 196225
