schema: '2.0'
stages:
  get_data:
    cmd: python src/get_data.py
    deps:
    - path: src/get_data.py
      hash: md5
      md5: 896aa2bb5e99268e80a14148b321f5c2
      size: 583
    outs:
    - path: data/raw/churn.csv
      hash: md5
      md5: 7f07de26b054de4c36eed95a1277fe21
      size: 978285
  process_data:
    cmd: python src/process_data.py
    deps:
    - path: data/raw/churn.csv
      hash: md5
      md5: 7f07de26b054de4c36eed95a1277fe21
      size: 978285
    - path: src/process_data.py
      hash: md5
      md5: 138162c334bf9ca3e946390902c30242
      size: 590
    outs:
    - path: data/processed/churn_features.parquet
      hash: md5
      md5: 0731d8d03f6aca8d72adddec065198b4
      size: 195574
